
Microsoft Visual Studio Solution File, Format Version 12.00
# Visual Studio 15
VisualStudioVersion = 15.0.27130.2027
MinimumVisualStudioVersion = 10.0.40219.1
Project("{FAE04EC0-301F-11D3-BF4B-00C04F79EFBC}") = "DragAndDrop", "DragAndDrop\DragAndDrop.csproj", "{2BD1484D-AAD6-4DE7-BE82-7881FFACD0B6}"
EndProject
Project("{9A19103F-16F7-4668-BE54-9A1E7A4F7556}") = "Interfaces", "Interfaces\Interfaces.csproj", "{6BBB70CB-5AE4-4A66-8A42-0E47FA75D33A}"
EndProject
Project("{FAE04EC0-301F-11D3-BF4B-00C04F79EFBC}") = "AWSDriver", "AWSDriver\AWSDriver.csproj", "{8F52BDC7-8800-415B-9E0E-4293D81E6D0F}"
EndProject
Project("{FAE04EC0-301F-11D3-BF4B-00C04F79EFBC}") = "GoogleVisionDriver", "GoogleVisionDriver\GoogleVisionDriver.csproj", "{253E490F-EC4D-4655-8082-49120BE63ED9}"
EndProject
Global
	GlobalSection(SolutionConfigurationPlatforms) = preSolution
		Debug|Any CPU = Debug|Any CPU
		Release|Any CPU = Release|Any CPU
	EndGlobalSection
	GlobalSection(ProjectConfigurationPlatforms) = postSolution
		{2BD1484D-AAD6-4DE7-BE82-7881FFACD0B6}.Debug|Any CPU.ActiveCfg = Debug|Any CPU
		{2BD1484D-AAD6-4DE7-BE82-7881FFACD0B6}.Debug|Any CPU.Build.0 = Debug|Any CPU
		{2BD1484D-AAD6-4DE7-BE82-7881FFACD0B6}.Release|Any CPU.ActiveCfg = Release|Any CPU
		{2BD1484D-AAD6-4DE7-BE82-7881FFACD0B6}.Release|Any CPU.Build.0 = Release|Any CPU
		{6BBB70CB-5AE4-4A66-8A42-0E47FA75D33A}.Debug|Any CPU.ActiveCfg = Debug|Any CPU
		{6BBB70CB-5AE4-4A66-8A42-0E47FA75D33A}.Debug|Any CPU.Build.0 = Debug|Any CPU
		{6BBB70CB-5AE4-4A66-8A42-0E47FA75D33A}.Release|Any CPU.ActiveCfg = Release|Any CPU
		{6BBB70CB-5AE4-4A66-8A42-0E47FA75D33A}.Release|Any CPU.Build.0 = Release|Any CPU
		{8F52BDC7-8800-415B-9E0E-4293D81E6D0F}.Debug|Any CPU.ActiveCfg = Debug|Any CPU
		{8F52BDC7-8800-415B-9E0E-4293D81E6D0F}.Debug|Any CPU.Build.0 = Debug|Any CPU
		{8F52BDC7-8800-415B-9E0E-4293D81E6D0F}.Release|Any CPU.ActiveCfg = Release|Any CPU
		{8F52BDC7-8800-415B-9E0E-4293D81E6D0F}.Release|Any CPU.Build.0 = Release|Any CPU
		{253E490F-EC4D-4655-8082-49120BE63ED9}.Debug|Any CPU.ActiveCfg = Debug|Any CPU
		{253E490F-EC4D-4655-8082-49120BE63ED9}.Debug|Any CPU.Build.0 = Debug|Any CPU
		{253E490F-EC4D-4655-8082-49120BE63ED9}.Release|Any CPU.ActiveCfg = Release|Any CPU
		{253E490F-EC4D-4655-8082-49120BE63ED9}.Release|Any CPU.Build.0 = Release|Any CPU
	EndGlobalSection
	GlobalSection(SolutionProperties) = preSolution
		HideSolutionNode = FALSE
	EndGlobalSection
	GlobalSection(ExtensibilityGlobals) = postSolution
		SolutionGuid = {A5A620D6-7718-45F8-B947-69298C2E3A37}
	EndGlobalSection
EndGlobal
